
Microsoft Visual Studio Solution File, Format Version 12.00
# Visual Studio Version 16
VisualStudioVersion = 16.0.31402.337
MinimumVisualStudioVersion = 10.0.40219.1
Project("{FAE04EC0-301F-11D3-BF4B-00C04F79EFBC}") = "OBS Remote Controls", "OBS Remote Controls.csproj", "{667D0692-4D84-4F14-AFA2-1182D943ED70}"
EndProject
Global
	GlobalSection(SolutionConfigurationPlatforms) = preSolution
		Debug|Any CPU = Debug|Any CPU
		Release|Any CPU = Release|Any CPU
	EndGlobalSection
	GlobalSection(ProjectConfigurationPlatforms) = postSolution
		{667D0692-4D84-4F14-AFA2-1182D943ED70}.Debug|Any CPU.ActiveCfg = Debug|Any CPU
		{667D0692-4D84-4F14-AFA2-1182D943ED70}.Debug|Any CPU.Build.0 = Debug|Any CPU
		{667D0692-4D84-4F14-AFA2-1182D943ED70}.Release|Any CPU.ActiveCfg = Release|Any CPU
		{667D0692-4D84-4F14-AFA2-1182D943ED70}.Release|Any CPU.Build.0 = Release|Any CPU
	EndGlobalSection
	GlobalSection(SolutionProperties) = preSolution
		HideSolutionNode = FALSE
	EndGlobalSection
	GlobalSection(ExtensibilityGlobals) = postSolution
		SolutionGuid = {9B9D13C6-BEB1-4172-8887-8C40616C2CBF}
	EndGlobalSection
EndGlobal
